// !$*UTF8*$!
{
	archiveVersion = 1;
	classes = {
	};
	objectVersion = 55;
	objects = {

/* Begin PBXBuildFile section */
		2A2F7163281562EC00842078 /* CurrencyFormatterUnitTests.swift in Sources */ = {isa = PBXBuildFile; fileRef = 2A2F7162281562EC00842078 /* CurrencyFormatterUnitTests.swift */; };
		2A2F716528156A4100842078 /* NSNotificationName.swift in Sources */ = {isa = PBXBuildFile; fileRef = 2A2F716428156A4100842078 /* NSNotificationName.swift */; };
		2A2F716728156C1100842078 /* UITextField+SecurToggle.swift in Sources */ = {isa = PBXBuildFile; fileRef = 2A2F716628156C1100842078 /* UITextField+SecurToggle.swift */; };
		2A44CB4D281668D3007FA5BD /* ShakeyBellView.swift in Sources */ = {isa = PBXBuildFile; fileRef = 2A44CB4C281668D3007FA5BD /* ShakeyBellView.swift */; };
		2A44CB4F281677CA007FA5BD /* Date+Utils.swift in Sources */ = {isa = PBXBuildFile; fileRef = 2A44CB4E281677CA007FA5BD /* Date+Utils.swift */; };
		2A44CB5128167907007FA5BD /* AccountSummaryViewController+Networking.swift in Sources */ = {isa = PBXBuildFile; fileRef = 2A44CB5028167907007FA5BD /* AccountSummaryViewController+Networking.swift */; };
		2A68F1FB280D9196004154D0 /* AppDelegate.swift in Sources */ = {isa = PBXBuildFile; fileRef = 2A68F1FA280D9196004154D0 /* AppDelegate.swift */; };
		2A68F1FF280D9196004154D0 /* LoginViewController.swift in Sources */ = {isa = PBXBuildFile; fileRef = 2A68F1FE280D9196004154D0 /* LoginViewController.swift */; };
		2A68F204280D9197004154D0 /* Assets.xcassets in Resources */ = {isa = PBXBuildFile; fileRef = 2A68F203280D9197004154D0 /* Assets.xcassets */; };
		2A68F207280D9197004154D0 /* LaunchScreen.storyboard in Resources */ = {isa = PBXBuildFile; fileRef = 2A68F205280D9197004154D0 /* LaunchScreen.storyboard */; };
		2A68F211280D957A004154D0 /* LoginView.swift in Sources */ = {isa = PBXBuildFile; fileRef = 2A68F210280D957A004154D0 /* LoginView.swift */; };
		2A806D442813DE1F001D66FA /* AccountSummaryHeaderView.xib in Resources */ = {isa = PBXBuildFile; fileRef = 2A806D432813DE1F001D66FA /* AccountSummaryHeaderView.xib */; };
		2A8830AB28126D5F00269FDB /* LocalState.swift in Sources */ = {isa = PBXBuildFile; fileRef = 2A8830AA28126D5F00269FDB /* LocalState.swift */; };
		2A8830AD281274C900269FDB /* UIViewController+Utils.swift in Sources */ = {isa = PBXBuildFile; fileRef = 2A8830AC281274C900269FDB /* UIViewController+Utils.swift */; };
		2A8830B0281275DA00269FDB /* MainViewController.swift in Sources */ = {isa = PBXBuildFile; fileRef = 2A8830AF281275DA00269FDB /* MainViewController.swift */; };
		2ABCB5DD2813D58400E9114E /* AccountSummaryViewController.swift in Sources */ = {isa = PBXBuildFile; fileRef = 2ABCB5DC2813D58400E9114E /* AccountSummaryViewController.swift */; };
		2ABCB5DF2813DB0500E9114E /* AccountSummaryHeaderView.swift in Sources */ = {isa = PBXBuildFile; fileRef = 2ABCB5DE2813DB0500E9114E /* AccountSummaryHeaderView.swift */; };
		2AE5376F2813E8A300E0F836 /* AccountSummaryCell.swift in Sources */ = {isa = PBXBuildFile; fileRef = 2AE5376E2813E8A300E0F836 /* AccountSummaryCell.swift */; };
		2AE53771281415B200E0F836 /* DecimalUtils.swift in Sources */ = {isa = PBXBuildFile; fileRef = 2AE53770281415B200E0F836 /* DecimalUtils.swift */; };
		2AE537732814160900E0F836 /* CurrencyFormatter.swift in Sources */ = {isa = PBXBuildFile; fileRef = 2AE537722814160900E0F836 /* CurrencyFormatter.swift */; };
		2AF7C239280EED20005DEC89 /* OnboardingContainerViewController.swift in Sources */ = {isa = PBXBuildFile; fileRef = 2AF7C238280EED20005DEC89 /* OnboardingContainerViewController.swift */; };
		2AF7C23B280EF341005DEC89 /* OnboardingViewController.swift in Sources */ = {isa = PBXBuildFile; fileRef = 2AF7C23A280EF341005DEC89 /* OnboardingViewController.swift */; };
		2AF7C23D28113AFF005DEC89 /* DummyViewController.swift in Sources */ = {isa = PBXBuildFile; fileRef = 2AF7C23C28113AFE005DEC89 /* DummyViewController.swift */; };
/* End PBXBuildFile section */

/* Begin PBXContainerItemProxy section */
		2A4F360728155D340073B73E /* PBXContainerItemProxy */ = {
			isa = PBXContainerItemProxy;
			containerPortal = 2A68F1EF280D9196004154D0 /* Project object */;
			proxyType = 1;
			remoteGlobalIDString = 2A68F1F6280D9196004154D0;
			remoteInfo = BankyBanking;
		};
/* End PBXContainerItemProxy section */

/* Begin PBXFileReference section */
		2A2F7162281562EC00842078 /* CurrencyFormatterUnitTests.swift */ = {isa = PBXFileReference; lastKnownFileType = sourcecode.swift; path = CurrencyFormatterUnitTests.swift; sourceTree = "<group>"; };
		2A2F716428156A4100842078 /* NSNotificationName.swift */ = {isa = PBXFileReference; lastKnownFileType = sourcecode.swift; path = NSNotificationName.swift; sourceTree = "<group>"; };
		2A2F716628156C1100842078 /* UITextField+SecurToggle.swift */ = {isa = PBXFileReference; lastKnownFileType = sourcecode.swift; path = "UITextField+SecurToggle.swift"; sourceTree = "<group>"; };
		2A44CB4C281668D3007FA5BD /* ShakeyBellView.swift */ = {isa = PBXFileReference; lastKnownFileType = sourcecode.swift; path = ShakeyBellView.swift; sourceTree = "<group>"; };
		2A44CB4E281677CA007FA5BD /* Date+Utils.swift */ = {isa = PBXFileReference; lastKnownFileType = sourcecode.swift; path = "Date+Utils.swift"; sourceTree = "<group>"; };
		2A44CB5028167907007FA5BD /* AccountSummaryViewController+Networking.swift */ = {isa = PBXFileReference; lastKnownFileType = sourcecode.swift; path = "AccountSummaryViewController+Networking.swift"; sourceTree = "<group>"; };
		2A4F360328155D340073B73E /* BankyBankingUnitTests.xctest */ = {isa = PBXFileReference; explicitFileType = wrapper.cfbundle; includeInIndex = 0; path = BankyBankingUnitTests.xctest; sourceTree = BUILT_PRODUCTS_DIR; };
		2A68F1F7280D9196004154D0 /* BankyBanking.app */ = {isa = PBXFileReference; explicitFileType = wrapper.application; includeInIndex = 0; path = BankyBanking.app; sourceTree = BUILT_PRODUCTS_DIR; };
		2A68F1FA280D9196004154D0 /* AppDelegate.swift */ = {isa = PBXFileReference; lastKnownFileType = sourcecode.swift; path = AppDelegate.swift; sourceTree = "<group>"; };
		2A68F1FE280D9196004154D0 /* LoginViewController.swift */ = {isa = PBXFileReference; lastKnownFileType = sourcecode.swift; path = LoginViewController.swift; sourceTree = "<group>"; };
		2A68F203280D9197004154D0 /* Assets.xcassets */ = {isa = PBXFileReference; lastKnownFileType = folder.assetcatalog; path = Assets.xcassets; sourceTree = "<group>"; };
		2A68F206280D9197004154D0 /* Base */ = {isa = PBXFileReference; lastKnownFileType = file.storyboard; name = Base; path = Base.lproj/LaunchScreen.storyboard; sourceTree = "<group>"; };
		2A68F208280D9197004154D0 /* Info.plist */ = {isa = PBXFileReference; lastKnownFileType = text.plist.xml; path = Info.plist; sourceTree = "<group>"; };
		2A68F210280D957A004154D0 /* LoginView.swift */ = {isa = PBXFileReference; lastKnownFileType = sourcecode.swift; path = LoginView.swift; sourceTree = "<group>"; };
		2A806D432813DE1F001D66FA /* AccountSummaryHeaderView.xib */ = {isa = PBXFileReference; lastKnownFileType = file.xib; path = AccountSummaryHeaderView.xib; sourceTree = "<group>"; };
		2A8830AA28126D5F00269FDB /* LocalState.swift */ = {isa = PBXFileReference; lastKnownFileType = sourcecode.swift; path = LocalState.swift; sourceTree = "<group>"; };
		2A8830AC281274C900269FDB /* UIViewController+Utils.swift */ = {isa = PBXFileReference; lastKnownFileType = sourcecode.swift; path = "UIViewController+Utils.swift"; sourceTree = "<group>"; };
		2A8830AF281275DA00269FDB /* MainViewController.swift */ = {isa = PBXFileReference; lastKnownFileType = sourcecode.swift; path = MainViewController.swift; sourceTree = "<group>"; };
		2ABCB5DC2813D58400E9114E /* AccountSummaryViewController.swift */ = {isa = PBXFileReference; lastKnownFileType = sourcecode.swift; path = AccountSummaryViewController.swift; sourceTree = "<group>"; };
		2ABCB5DE2813DB0500E9114E /* AccountSummaryHeaderView.swift */ = {isa = PBXFileReference; lastKnownFileType = sourcecode.swift; path = AccountSummaryHeaderView.swift; sourceTree = "<group>"; };
		2AE5376E2813E8A300E0F836 /* AccountSummaryCell.swift */ = {isa = PBXFileReference; lastKnownFileType = sourcecode.swift; path = AccountSummaryCell.swift; sourceTree = "<group>"; };
		2AE53770281415B200E0F836 /* DecimalUtils.swift */ = {isa = PBXFileReference; lastKnownFileType = sourcecode.swift; path = DecimalUtils.swift; sourceTree = "<group>"; };
		2AE537722814160900E0F836 /* CurrencyFormatter.swift */ = {isa = PBXFileReference; lastKnownFileType = sourcecode.swift; path = CurrencyFormatter.swift; sourceTree = "<group>"; };
		2AF7C238280EED20005DEC89 /* OnboardingContainerViewController.swift */ = {isa = PBXFileReference; lastKnownFileType = sourcecode.swift; path = OnboardingContainerViewController.swift; sourceTree = "<group>"; };
		2AF7C23A280EF341005DEC89 /* OnboardingViewController.swift */ = {isa = PBXFileReference; lastKnownFileType = sourcecode.swift; path = OnboardingViewController.swift; sourceTree = "<group>"; };
		2AF7C23C28113AFE005DEC89 /* DummyViewController.swift */ = {isa = PBXFileReference; lastKnownFileType = sourcecode.swift; path = DummyViewController.swift; sourceTree = "<group>"; };
/* End PBXFileReference section */

/* Begin PBXFrameworksBuildPhase section */
		2A4F360028155D340073B73E /* Frameworks */ = {
			isa = PBXFrameworksBuildPhase;
			buildActionMask = 2147483647;
			files = (
			);
			runOnlyForDeploymentPostprocessing = 0;
		};
		2A68F1F4280D9196004154D0 /* Frameworks */ = {
			isa = PBXFrameworksBuildPhase;
			buildActionMask = 2147483647;
			files = (
			);
			runOnlyForDeploymentPostprocessing = 0;
		};
/* End PBXFrameworksBuildPhase section */

/* Begin PBXGroup section */
		2A44CB4B281668C3007FA5BD /* Components */ = {
			isa = PBXGroup;
			children = (
				2A44CB4C281668D3007FA5BD /* ShakeyBellView.swift */,
			);
			name = Components;
			sourceTree = "<group>";
		};
		2A4F360428155D340073B73E /* BankyBankingUnitTests */ = {
			isa = PBXGroup;
			children = (
				2A2F7162281562EC00842078 /* CurrencyFormatterUnitTests.swift */,
			);
			path = BankyBankingUnitTests;
			sourceTree = "<group>";
		};
		2A68F1EE280D9196004154D0 = {
			isa = PBXGroup;
			children = (
				2A68F1F9280D9196004154D0 /* BankyBanking */,
				2A4F360428155D340073B73E /* BankyBankingUnitTests */,
				2A68F1F8280D9196004154D0 /* Products */,
			);
			sourceTree = "<group>";
		};
		2A68F1F8280D9196004154D0 /* Products */ = {
			isa = PBXGroup;
			children = (
				2A68F1F7280D9196004154D0 /* BankyBanking.app */,
				2A4F360328155D340073B73E /* BankyBankingUnitTests.xctest */,
			);
			name = Products;
			sourceTree = "<group>";
		};
		2A68F1F9280D9196004154D0 /* BankyBanking */ = {
			isa = PBXGroup;
			children = (
				2A68F1FA280D9196004154D0 /* AppDelegate.swift */,
				2A8830AF281275DA00269FDB /* MainViewController.swift */,
				2A44CB4B281668C3007FA5BD /* Components */,
				2A68F20F280D9558004154D0 /* Login */,
				2AF7C237280EECF2005DEC89 /* Onboarding */,
				2ABCB5DB2813D54800E9114E /* AccountSummary */,
				2A8830A928126D5000269FDB /* Utils */,
				2A68F20E280D9525004154D0 /* Files */,
			);
			path = BankyBanking;
			sourceTree = "<group>";
		};
		2A68F20E280D9525004154D0 /* Files */ = {
			isa = PBXGroup;
			children = (
				2A68F203280D9197004154D0 /* Assets.xcassets */,
				2A68F205280D9197004154D0 /* LaunchScreen.storyboard */,
				2A68F208280D9197004154D0 /* Info.plist */,
			);
			name = Files;
			sourceTree = "<group>";
		};
		2A68F20F280D9558004154D0 /* Login */ = {
			isa = PBXGroup;
			children = (
				2A68F1FE280D9196004154D0 /* LoginViewController.swift */,
				2A68F210280D957A004154D0 /* LoginView.swift */,
				2AF7C23C28113AFE005DEC89 /* DummyViewController.swift */,
			);
			name = Login;
			sourceTree = "<group>";
		};
		2A8830A928126D5000269FDB /* Utils */ = {
			isa = PBXGroup;
			children = (
				2A8830AA28126D5F00269FDB /* LocalState.swift */,
				2A8830AC281274C900269FDB /* UIViewController+Utils.swift */,
				2AE53770281415B200E0F836 /* DecimalUtils.swift */,
				2AE537722814160900E0F836 /* CurrencyFormatter.swift */,
				2A2F716428156A4100842078 /* NSNotificationName.swift */,
				2A2F716628156C1100842078 /* UITextField+SecurToggle.swift */,
				2A44CB4E281677CA007FA5BD /* Date+Utils.swift */,
			);
			name = Utils;
			sourceTree = "<group>";
		};
		2ABCB5DB2813D54800E9114E /* AccountSummary */ = {
			isa = PBXGroup;
			children = (
				2ABCB5DC2813D58400E9114E /* AccountSummaryViewController.swift */,
				2A44CB5028167907007FA5BD /* AccountSummaryViewController+Networking.swift */,
				2AE5376C2813E86C00E0F836 /* Header */,
				2AE5376D2813E87F00E0F836 /* Cells */,
			);
			name = AccountSummary;
			sourceTree = "<group>";
		};
		2AE5376C2813E86C00E0F836 /* Header */ = {
			isa = PBXGroup;
			children = (
				2ABCB5DE2813DB0500E9114E /* AccountSummaryHeaderView.swift */,
				2A806D432813DE1F001D66FA /* AccountSummaryHeaderView.xib */,
			);
			name = Header;
			sourceTree = "<group>";
		};
		2AE5376D2813E87F00E0F836 /* Cells */ = {
			isa = PBXGroup;
			children = (
				2AE5376E2813E8A300E0F836 /* AccountSummaryCell.swift */,
			);
			name = Cells;
			sourceTree = "<group>";
		};
		2AF7C237280EECF2005DEC89 /* Onboarding */ = {
			isa = PBXGroup;
			children = (
				2AF7C238280EED20005DEC89 /* OnboardingContainerViewController.swift */,
				2AF7C23A280EF341005DEC89 /* OnboardingViewController.swift */,
			);
			name = Onboarding;
			sourceTree = "<group>";
		};
/* End PBXGroup section */

/* Begin PBXNativeTarget section */
		2A4F360228155D340073B73E /* BankyBankingUnitTests */ = {
			isa = PBXNativeTarget;
			buildConfigurationList = 2A4F360B28155D340073B73E /* Build configuration list for PBXNativeTarget "BankyBankingUnitTests" */;
			buildPhases = (
				2A4F35FF28155D340073B73E /* Sources */,
				2A4F360028155D340073B73E /* Frameworks */,
				2A4F360128155D340073B73E /* Resources */,
			);
			buildRules = (
			);
			dependencies = (
				2A4F360828155D340073B73E /* PBXTargetDependency */,
			);
			name = BankyBankingUnitTests;
			productName = BankyBankingUnitTests;
			productReference = 2A4F360328155D340073B73E /* BankyBankingUnitTests.xctest */;
			productType = "com.apple.product-type.bundle.unit-test";
		};
		2A68F1F6280D9196004154D0 /* BankyBanking */ = {
			isa = PBXNativeTarget;
			buildConfigurationList = 2A68F20B280D9197004154D0 /* Build configuration list for PBXNativeTarget "BankyBanking" */;
			buildPhases = (
				2A68F1F3280D9196004154D0 /* Sources */,
				2A68F1F4280D9196004154D0 /* Frameworks */,
				2A68F1F5280D9196004154D0 /* Resources */,
			);
			buildRules = (
			);
			dependencies = (
			);
			name = BankyBanking;
			productName = BankyBanking;
			productReference = 2A68F1F7280D9196004154D0 /* BankyBanking.app */;
			productType = "com.apple.product-type.application";
		};
/* End PBXNativeTarget section */

/* Begin PBXProject section */
		2A68F1EF280D9196004154D0 /* Project object */ = {
			isa = PBXProject;
			attributes = {
				BuildIndependentTargetsInParallel = 1;
				LastSwiftUpdateCheck = 1330;
				LastUpgradeCheck = 1330;
				TargetAttributes = {
					2A4F360228155D340073B73E = {
						CreatedOnToolsVersion = 13.3.1;
						LastSwiftMigration = 1330;
						TestTargetID = 2A68F1F6280D9196004154D0;
					};
					2A68F1F6280D9196004154D0 = {
						CreatedOnToolsVersion = 13.3.1;
					};
				};
			};
			buildConfigurationList = 2A68F1F2280D9196004154D0 /* Build configuration list for PBXProject "BankyBanking" */;
			compatibilityVersion = "Xcode 13.0";
			developmentRegion = en;
			hasScannedForEncodings = 0;
			knownRegions = (
				en,
				Base,
			);
			mainGroup = 2A68F1EE280D9196004154D0;
			productRefGroup = 2A68F1F8280D9196004154D0 /* Products */;
			projectDirPath = "";
			projectRoot = "";
			targets = (
				2A68F1F6280D9196004154D0 /* BankyBanking */,
				2A4F360228155D340073B73E /* BankyBankingUnitTests */,
			);
		};
/* End PBXProject section */

/* Begin PBXResourcesBuildPhase section */
		2A4F360128155D340073B73E /* Resources */ = {
			isa = PBXResourcesBuildPhase;
			buildActionMask = 2147483647;
			files = (
			);
			runOnlyForDeploymentPostprocessing = 0;
		};
		2A68F1F5280D9196004154D0 /* Resources */ = {
			isa = PBXResourcesBuildPhase;
			buildActionMask = 2147483647;
			files = (
				2A806D442813DE1F001D66FA /* AccountSummaryHeaderView.xib in Resources */,
				2A68F207280D9197004154D0 /* LaunchScreen.storyboard in Resources */,
				2A68F204280D9197004154D0 /* Assets.xcassets in Resources */,
			);
			runOnlyForDeploymentPostprocessing = 0;
		};
/* End PBXResourcesBuildPhase section */

/* Begin PBXSourcesBuildPhase section */
		2A4F35FF28155D340073B73E /* Sources */ = {
			isa = PBXSourcesBuildPhase;
			buildActionMask = 2147483647;
			files = (
				2A2F7163281562EC00842078 /* CurrencyFormatterUnitTests.swift in Sources */,
			);
			runOnlyForDeploymentPostprocessing = 0;
		};
		2A68F1F3280D9196004154D0 /* Sources */ = {
			isa = PBXSourcesBuildPhase;
			buildActionMask = 2147483647;
			files = (
				2A8830AD281274C900269FDB /* UIViewController+Utils.swift in Sources */,
				2A44CB4F281677CA007FA5BD /* Date+Utils.swift in Sources */,
				2A68F211280D957A004154D0 /* LoginView.swift in Sources */,
				2A8830AB28126D5F00269FDB /* LocalState.swift in Sources */,
				2ABCB5DF2813DB0500E9114E /* AccountSummaryHeaderView.swift in Sources */,
				2AF7C23D28113AFF005DEC89 /* DummyViewController.swift in Sources */,
				2AE537732814160900E0F836 /* CurrencyFormatter.swift in Sources */,
				2AE53771281415B200E0F836 /* DecimalUtils.swift in Sources */,
				2A2F716528156A4100842078 /* NSNotificationName.swift in Sources */,
				2A68F1FF280D9196004154D0 /* LoginViewController.swift in Sources */,
				2AE5376F2813E8A300E0F836 /* AccountSummaryCell.swift in Sources */,
				2A44CB4D281668D3007FA5BD /* ShakeyBellView.swift in Sources */,
				2AF7C23B280EF341005DEC89 /* OnboardingViewController.swift in Sources */,
				2A8830B0281275DA00269FDB /* MainViewController.swift in Sources */,
				2ABCB5DD2813D58400E9114E /* AccountSummaryViewController.swift in Sources */,
				2A68F1FB280D9196004154D0 /* AppDelegate.swift in Sources */,
				2A2F716728156C1100842078 /* UITextField+SecurToggle.swift in Sources */,
				2AF7C239280EED20005DEC89 /* OnboardingContainerViewController.swift in Sources */,
				2A44CB5128167907007FA5BD /* AccountSummaryViewController+Networking.swift in Sources */,
			);
			runOnlyForDeploymentPostprocessing = 0;
		};
/* End PBXSourcesBuildPhase section */

/* Begin PBXTargetDependency section */
		2A4F360828155D340073B73E /* PBXTargetDependency */ = {
			isa = PBXTargetDependency;
			target = 2A68F1F6280D9196004154D0 /* BankyBanking */;
			targetProxy = 2A4F360728155D340073B73E /* PBXContainerItemProxy */;
		};
/* End PBXTargetDependency section */

/* Begin PBXVariantGroup section */
		2A68F205280D9197004154D0 /* LaunchScreen.storyboard */ = {
			isa = PBXVariantGroup;
			children = (
				2A68F206280D9197004154D0 /* Base */,
			);
			name = LaunchScreen.storyboard;
			sourceTree = "<group>";
		};
/* End PBXVariantGroup section */

/* Begin XCBuildConfiguration section */
		2A4F360928155D340073B73E /* Debug */ = {
			isa = XCBuildConfiguration;
			buildSettings = {
				BUNDLE_LOADER = "$(TEST_HOST)";
				CLANG_ENABLE_MODULES = YES;
				CODE_SIGN_STYLE = Automatic;
				CURRENT_PROJECT_VERSION = 1;
				DEVELOPMENT_TEAM = YT4PWFD9G5;
				GENERATE_INFOPLIST_FILE = YES;
				LD_RUNPATH_SEARCH_PATHS = (
					"$(inherited)",
					"@executable_path/Frameworks",
					"@loader_path/Frameworks",
				);
				MARKETING_VERSION = 1.0;
				PRODUCT_BUNDLE_IDENTIFIER = Dean.Thompson.BankyBankingUnitTests;
				PRODUCT_NAME = "$(TARGET_NAME)";
				SWIFT_EMIT_LOC_STRINGS = NO;
				SWIFT_OPTIMIZATION_LEVEL = "-Onone";
				SWIFT_VERSION = 5.0;
				TARGETED_DEVICE_FAMILY = "1,2";
				TEST_HOST = "$(BUILT_PRODUCTS_DIR)/BankyBanking.app/BankyBanking";
			};
			name = Debug;
		};
		2A4F360A28155D340073B73E /* Release */ = {
			isa = XCBuildConfiguration;
			buildSettings = {
				BUNDLE_LOADER = "$(TEST_HOST)";
				CLANG_ENABLE_MODULES = YES;
				CODE_SIGN_STYLE = Automatic;
				CURRENT_PROJECT_VERSION = 1;
				DEVELOPMENT_TEAM = YT4PWFD9G5;
				GENERATE_INFOPLIST_FILE = YES;
				LD_RUNPATH_SEARCH_PATHS = (
					"$(inherited)",
					"@executable_path/Frameworks",
					"@loader_path/Frameworks",
				);
				MARKETING_VERSION = 1.0;
				PRODUCT_BUNDLE_IDENTIFIER = Dean.Thompson.BankyBankingUnitTests;
				PRODUCT_NAME = "$(TARGET_NAME)";
				SWIFT_EMIT_LOC_STRINGS = NO;
				SWIFT_VERSION = 5.0;
				TARGETED_DEVICE_FAMILY = "1,2";
				TEST_HOST = "$(BUILT_PRODUCTS_DIR)/BankyBanking.app/BankyBanking";
			};
			name = Release;
		};
		2A68F209280D9197004154D0 /* Debug */ = {
			isa = XCBuildConfiguration;
			buildSettings = {
				ALWAYS_SEARCH_USER_PATHS = NO;
				CLANG_ANALYZER_NONNULL = YES;
				CLANG_ANALYZER_NUMBER_OBJECT_CONVERSION = YES_AGGRESSIVE;
				CLANG_CXX_LANGUAGE_STANDARD = "gnu++17";
				CLANG_ENABLE_MODULES = YES;
				CLANG_ENABLE_OBJC_ARC = YES;
				CLANG_ENABLE_OBJC_WEAK = YES;
				CLANG_WARN_BLOCK_CAPTURE_AUTORELEASING = YES;
				CLANG_WARN_BOOL_CONVERSION = YES;
				CLANG_WARN_COMMA = YES;
				CLANG_WARN_CONSTANT_CONVERSION = YES;
				CLANG_WARN_DEPRECATED_OBJC_IMPLEMENTATIONS = YES;
				CLANG_WARN_DIRECT_OBJC_ISA_USAGE = YES_ERROR;
				CLANG_WARN_DOCUMENTATION_COMMENTS = YES;
				CLANG_WARN_EMPTY_BODY = YES;
				CLANG_WARN_ENUM_CONVERSION = YES;
				CLANG_WARN_INFINITE_RECURSION = YES;
				CLANG_WARN_INT_CONVERSION = YES;
				CLANG_WARN_NON_LITERAL_NULL_CONVERSION = YES;
				CLANG_WARN_OBJC_IMPLICIT_RETAIN_SELF = YES;
				CLANG_WARN_OBJC_LITERAL_CONVERSION = YES;
				CLANG_WARN_OBJC_ROOT_CLASS = YES_ERROR;
				CLANG_WARN_QUOTED_INCLUDE_IN_FRAMEWORK_HEADER = YES;
				CLANG_WARN_RANGE_LOOP_ANALYSIS = YES;
				CLANG_WARN_STRICT_PROTOTYPES = YES;
				CLANG_WARN_SUSPICIOUS_MOVE = YES;
				CLANG_WARN_UNGUARDED_AVAILABILITY = YES_AGGRESSIVE;
				CLANG_WARN_UNREACHABLE_CODE = YES;
				CLANG_WARN__DUPLICATE_METHOD_MATCH = YES;
				COPY_PHASE_STRIP = NO;
				DEBUG_INFORMATION_FORMAT = dwarf;
				ENABLE_STRICT_OBJC_MSGSEND = YES;
				ENABLE_TESTABILITY = YES;
				GCC_C_LANGUAGE_STANDARD = gnu11;
				GCC_DYNAMIC_NO_PIC = NO;
				GCC_NO_COMMON_BLOCKS = YES;
				GCC_OPTIMIZATION_LEVEL = 0;
				GCC_PREPROCESSOR_DEFINITIONS = (
					"DEBUG=1",
					"$(inherited)",
				);
				GCC_WARN_64_TO_32_BIT_CONVERSION = YES;
				GCC_WARN_ABOUT_RETURN_TYPE = YES_ERROR;
				GCC_WARN_UNDECLARED_SELECTOR = YES;
				GCC_WARN_UNINITIALIZED_AUTOS = YES_AGGRESSIVE;
				GCC_WARN_UNUSED_FUNCTION = YES;
				GCC_WARN_UNUSED_VARIABLE = YES;
				IPHONEOS_DEPLOYMENT_TARGET = 15.4;
				MTL_ENABLE_DEBUG_INFO = INCLUDE_SOURCE;
				MTL_FAST_MATH = YES;
				ONLY_ACTIVE_ARCH = YES;
				SDKROOT = iphoneos;
				SWIFT_ACTIVE_COMPILATION_CONDITIONS = DEBUG;
				SWIFT_OPTIMIZATION_LEVEL = "-Onone";
			};
			name = Debug;
		};
		2A68F20A280D9197004154D0 /* Release */ = {
			isa = XCBuildConfiguration;
			buildSettings = {
				ALWAYS_SEARCH_USER_PATHS = NO;
				CLANG_ANALYZER_NONNULL = YES;
				CLANG_ANALYZER_NUMBER_OBJECT_CONVERSION = YES_AGGRESSIVE;
				CLANG_CXX_LANGUAGE_STANDARD = "gnu++17";
				CLANG_ENABLE_MODULES = YES;
				CLANG_ENABLE_OBJC_ARC = YES;
				CLANG_ENABLE_OBJC_WEAK = YES;
				CLANG_WARN_BLOCK_CAPTURE_AUTORELEASING = YES;
				CLANG_WARN_BOOL_CONVERSION = YES;
				CLANG_WARN_COMMA = YES;
				CLANG_WARN_CONSTANT_CONVERSION = YES;
				CLANG_WARN_DEPRECATED_OBJC_IMPLEMENTATIONS = YES;
				CLANG_WARN_DIRECT_OBJC_ISA_USAGE = YES_ERROR;
				CLANG_WARN_DOCUMENTATION_COMMENTS = YES;
				CLANG_WARN_EMPTY_BODY = YES;
				CLANG_WARN_ENUM_CONVERSION = YES;
				CLANG_WARN_INFINITE_RECURSION = YES;
				CLANG_WARN_INT_CONVERSION = YES;
				CLANG_WARN_NON_LITERAL_NULL_CONVERSION = YES;
				CLANG_WARN_OBJC_IMPLICIT_RETAIN_SELF = YES;
				CLANG_WARN_OBJC_LITERAL_CONVERSION = YES;
				CLANG_WARN_OBJC_ROOT_CLASS = YES_ERROR;
				CLANG_WARN_QUOTED_INCLUDE_IN_FRAMEWORK_HEADER = YES;
				CLANG_WARN_RANGE_LOOP_ANALYSIS = YES;
				CLANG_WARN_STRICT_PROTOTYPES = YES;
				CLANG_WARN_SUSPICIOUS_MOVE = YES;
				CLANG_WARN_UNGUARDED_AVAILABILITY = YES_AGGRESSIVE;
				CLANG_WARN_UNREACHABLE_CODE = YES;
				CLANG_WARN__DUPLICATE_METHOD_MATCH = YES;
				COPY_PHASE_STRIP = NO;
				DEBUG_INFORMATION_FORMAT = "dwarf-with-dsym";
				ENABLE_NS_ASSERTIONS = NO;
				ENABLE_STRICT_OBJC_MSGSEND = YES;
				GCC_C_LANGUAGE_STANDARD = gnu11;
				GCC_NO_COMMON_BLOCKS = YES;
				GCC_WARN_64_TO_32_BIT_CONVERSION = YES;
				GCC_WARN_ABOUT_RETURN_TYPE = YES_ERROR;
				GCC_WARN_UNDECLARED_SELECTOR = YES;
				GCC_WARN_UNINITIALIZED_AUTOS = YES_AGGRESSIVE;
				GCC_WARN_UNUSED_FUNCTION = YES;
				GCC_WARN_UNUSED_VARIABLE = YES;
				IPHONEOS_DEPLOYMENT_TARGET = 15.4;
				MTL_ENABLE_DEBUG_INFO = NO;
				MTL_FAST_MATH = YES;
				SDKROOT = iphoneos;
				SWIFT_COMPILATION_MODE = wholemodule;
				SWIFT_OPTIMIZATION_LEVEL = "-O";
				VALIDATE_PRODUCT = YES;
			};
			name = Release;
		};
		2A68F20C280D9197004154D0 /* Debug */ = {
			isa = XCBuildConfiguration;
			buildSettings = {
				ASSETCATALOG_COMPILER_APPICON_NAME = AppIcon;
				ASSETCATALOG_COMPILER_GLOBAL_ACCENT_COLOR_NAME = AccentColor;
				CODE_SIGN_STYLE = Automatic;
				CURRENT_PROJECT_VERSION = 1;
				DEVELOPMENT_TEAM = YT4PWFD9G5;
				GENERATE_INFOPLIST_FILE = YES;
				INFOPLIST_FILE = BankyBanking/Info.plist;
				INFOPLIST_KEY_UIApplicationSupportsIndirectInputEvents = YES;
				INFOPLIST_KEY_UILaunchStoryboardName = LaunchScreen;
				INFOPLIST_KEY_UISupportedInterfaceOrientations_iPad = "UIInterfaceOrientationPortrait UIInterfaceOrientationPortraitUpsideDown UIInterfaceOrientationLandscapeLeft UIInterfaceOrientationLandscapeRight";
				INFOPLIST_KEY_UISupportedInterfaceOrientations_iPhone = "UIInterfaceOrientationPortrait UIInterfaceOrientationLandscapeLeft UIInterfaceOrientationLandscapeRight";
				LD_RUNPATH_SEARCH_PATHS = (
					"$(inherited)",
					"@executable_path/Frameworks",
				);
				MARKETING_VERSION = 1.0;
				PRODUCT_BUNDLE_IDENTIFIER = Dean.Thompson.BankyBanking;
				PRODUCT_NAME = "$(TARGET_NAME)";
				SWIFT_EMIT_LOC_STRINGS = YES;
				SWIFT_VERSION = 5.0;
				TARGETED_DEVICE_FAMILY = "1,2";
			};
			name = Debug;
		};
		2A68F20D280D9197004154D0 /* Release */ = {
			isa = XCBuildConfiguration;
			buildSettings = {
				ASSETCATALOG_COMPILER_APPICON_NAME = AppIcon;
				ASSETCATALOG_COMPILER_GLOBAL_ACCENT_COLOR_NAME = AccentColor;
				CODE_SIGN_STYLE = Automatic;
				CURRENT_PROJECT_VERSION = 1;
				DEVELOPMENT_TEAM = YT4PWFD9G5;
				GENERATE_INFOPLIST_FILE = YES;
				INFOPLIST_FILE = BankyBanking/Info.plist;
				INFOPLIST_KEY_UIApplicationSupportsIndirectInputEvents = YES;
				INFOPLIST_KEY_UILaunchStoryboardName = LaunchScreen;
				INFOPLIST_KEY_UISupportedInterfaceOrientations_iPad = "UIInterfaceOrientationPortrait UIInterfaceOrientationPortraitUpsideDown UIInterfaceOrientationLandscapeLeft UIInterfaceOrientationLandscapeRight";
				INFOPLIST_KEY_UISupportedInterfaceOrientations_iPhone = "UIInterfaceOrientationPortrait UIInterfaceOrientationLandscapeLeft UIInterfaceOrientationLandscapeRight";
				LD_RUNPATH_SEARCH_PATHS = (
					"$(inherited)",
					"@executable_path/Frameworks",
				);
				MARKETING_VERSION = 1.0;
				PRODUCT_BUNDLE_IDENTIFIER = Dean.Thompson.BankyBanking;
				PRODUCT_NAME = "$(TARGET_NAME)";
				SWIFT_EMIT_LOC_STRINGS = YES;
				SWIFT_VERSION = 5.0;
				TARGETED_DEVICE_FAMILY = "1,2";
			};
			name = Release;
		};
/* End XCBuildConfiguration section */

/* Begin XCConfigurationList section */
		2A4F360B28155D340073B73E /* Build configuration list for PBXNativeTarget "BankyBankingUnitTests" */ = {
			isa = XCConfigurationList;
			buildConfigurations = (
				2A4F360928155D340073B73E /* Debug */,
				2A4F360A28155D340073B73E /* Release */,
			);
			defaultConfigurationIsVisible = 0;
			defaultConfigurationName = Release;
		};
		2A68F1F2280D9196004154D0 /* Build configuration list for PBXProject "BankyBanking" */ = {
			isa = XCConfigurationList;
			buildConfigurations = (
				2A68F209280D9197004154D0 /* Debug */,
				2A68F20A280D9197004154D0 /* Release */,
			);
			defaultConfigurationIsVisible = 0;
			defaultConfigurationName = Release;
		};
		2A68F20B280D9197004154D0 /* Build configuration list for PBXNativeTarget "BankyBanking" */ = {
			isa = XCConfigurationList;
			buildConfigurations = (
				2A68F20C280D9197004154D0 /* Debug */,
				2A68F20D280D9197004154D0 /* Release */,
			);
			defaultConfigurationIsVisible = 0;
			defaultConfigurationName = Release;
		};
/* End XCConfigurationList section */
	};
	rootObject = 2A68F1EF280D9196004154D0 /* Project object */;
}
